
Microsoft Visual Studio Solution File, Format Version 12.00
# Visual Studio Version 17
VisualStudioVersion = 17.8.34330.188
MinimumVisualStudioVersion = 10.0.40219.1
Project("{FAE04EC0-301F-11D3-BF4B-00C04F79EFBC}") = "SharePoint-Auto-Uploader-for-Email-Attachments", "SharePoint-Auto-Uploader-for-Email-Attachments\SharePoint-Auto-Uploader-for-Email-Attachments.csproj", "{882FBB55-1C51-4167-B9E3-42F08F5B9C72}"
EndProject
Global
	GlobalSection(SolutionConfigurationPlatforms) = preSolution
		Debug|Any CPU = Debug|Any CPU
		Release|Any CPU = Release|Any CPU
	EndGlobalSection
	GlobalSection(ProjectConfigurationPlatforms) = postSolution
		{882FBB55-1C51-4167-B9E3-42F08F5B9C72}.Debug|Any CPU.ActiveCfg = Debug|Any CPU
		{882FBB55-1C51-4167-B9E3-42F08F5B9C72}.Debug|Any CPU.Build.0 = Debug|Any CPU
		{882FBB55-1C51-4167-B9E3-42F08F5B9C72}.Release|Any CPU.ActiveCfg = Release|Any CPU
		{882FBB55-1C51-4167-B9E3-42F08F5B9C72}.Release|Any CPU.Build.0 = Release|Any CPU
	EndGlobalSection
	GlobalSection(SolutionProperties) = preSolution
		HideSolutionNode = FALSE
	EndGlobalSection
	GlobalSection(ExtensibilityGlobals) = postSolution
		SolutionGuid = {3412007C-6CCD-4F35-BAC6-6693DF0EAF7D}
	EndGlobalSection
EndGlobal
